
Microsoft Visual Studio Solution File, Format Version 11.00
# Visual Studio 2010
Project("{FAE04EC0-301F-11D3-BF4B-00C04F79EFBC}") = "Whois", "Whois\Whois.csproj", "{BFFC5538-5646-4CDD-A8B6-9052D856FB72}"
EndProject
Project("{FAE04EC0-301F-11D3-BF4B-00C04F79EFBC}") = "Whois.DomainGenerator", "Whois.DomainGenerator\Whois.DomainGenerator.csproj", "{D38AE774-C59B-4257-878C-A47574099EC3}"
EndProject
Global
	GlobalSection(SolutionConfigurationPlatforms) = preSolution
		Debug|x64 = Debug|x64
		Debug|x86 = Debug|x86
		Release|x64 = Release|x64
		Release|x86 = Release|x86
	EndGlobalSection
	GlobalSection(ProjectConfigurationPlatforms) = postSolution
		{BFFC5538-5646-4CDD-A8B6-9052D856FB72}.Debug|x64.ActiveCfg = Debug|x64
		{BFFC5538-5646-4CDD-A8B6-9052D856FB72}.Debug|x64.Build.0 = Debug|x64
		{BFFC5538-5646-4CDD-A8B6-9052D856FB72}.Debug|x86.ActiveCfg = Debug|x86
		{BFFC5538-5646-4CDD-A8B6-9052D856FB72}.Debug|x86.Build.0 = Debug|x86
		{BFFC5538-5646-4CDD-A8B6-9052D856FB72}.Release|x64.ActiveCfg = Release|x64
		{BFFC5538-5646-4CDD-A8B6-9052D856FB72}.Release|x64.Build.0 = Release|x64
		{BFFC5538-5646-4CDD-A8B6-9052D856FB72}.Release|x86.ActiveCfg = Release|x86
		{BFFC5538-5646-4CDD-A8B6-9052D856FB72}.Release|x86.Build.0 = Release|x86
		{D38AE774-C59B-4257-878C-A47574099EC3}.Debug|x64.ActiveCfg = Debug|x64
		{D38AE774-C59B-4257-878C-A47574099EC3}.Debug|x64.Build.0 = Debug|x64
		{D38AE774-C59B-4257-878C-A47574099EC3}.Debug|x86.ActiveCfg = Debug|x86
		{D38AE774-C59B-4257-878C-A47574099EC3}.Debug|x86.Build.0 = Debug|x86
		{D38AE774-C59B-4257-878C-A47574099EC3}.Release|x64.ActiveCfg = Release|x64
		{D38AE774-C59B-4257-878C-A47574099EC3}.Release|x64.Build.0 = Release|x64
		{D38AE774-C59B-4257-878C-A47574099EC3}.Release|x86.ActiveCfg = Release|x86
		{D38AE774-C59B-4257-878C-A47574099EC3}.Release|x86.Build.0 = Release|x86
	EndGlobalSection
	GlobalSection(SolutionProperties) = preSolution
		HideSolutionNode = FALSE
	EndGlobalSection
EndGlobal
